
Microsoft Visual Studio Solution File, Format Version 12.00
# Visual Studio 2012
Project("{FAE04EC0-301F-11D3-BF4B-00C04F79EFBC}") = "DecisionTree", "DecisionTree\DecisionTree.csproj", "{56DE652E-67E3-4E5D-9020-D8CEF3C10F5B}"
EndProject
Project("{FAE04EC0-301F-11D3-BF4B-00C04F79EFBC}") = "FlowDetectorServer", "FlowDetectorServer\FlowDetectorServer.csproj", "{571EECB2-D872-4BC8-9617-B3665BEB5AFC}"
EndProject
Project("{2150E333-8FDC-42A3-9474-1A3956D46DE8}") = "Solution Items", "Solution Items", "{B3004748-A9C8-4983-95DE-05AF0DF719ED}"
	ProjectSection(SolutionItems) = preProject
		Performance1.psess = Performance1.psess
	EndProjectSection
EndProject
Global
	GlobalSection(SolutionConfigurationPlatforms) = preSolution
		Debug|Any CPU = Debug|Any CPU
		Debug|Mixed Platforms = Debug|Mixed Platforms
		Debug|x86 = Debug|x86
		Release|Any CPU = Release|Any CPU
		Release|Mixed Platforms = Release|Mixed Platforms
		Release|x86 = Release|x86
	EndGlobalSection
	GlobalSection(ProjectConfigurationPlatforms) = postSolution
		{56DE652E-67E3-4E5D-9020-D8CEF3C10F5B}.Debug|Any CPU.ActiveCfg = Debug|Any CPU
		{56DE652E-67E3-4E5D-9020-D8CEF3C10F5B}.Debug|Any CPU.Build.0 = Debug|Any CPU
		{56DE652E-67E3-4E5D-9020-D8CEF3C10F5B}.Debug|Mixed Platforms.ActiveCfg = Debug|Any CPU
		{56DE652E-67E3-4E5D-9020-D8CEF3C10F5B}.Debug|Mixed Platforms.Build.0 = Debug|Any CPU
		{56DE652E-67E3-4E5D-9020-D8CEF3C10F5B}.Debug|x86.ActiveCfg = Debug|Any CPU
		{56DE652E-67E3-4E5D-9020-D8CEF3C10F5B}.Release|Any CPU.ActiveCfg = Release|Any CPU
		{56DE652E-67E3-4E5D-9020-D8CEF3C10F5B}.Release|Any CPU.Build.0 = Release|Any CPU
		{56DE652E-67E3-4E5D-9020-D8CEF3C10F5B}.Release|Mixed Platforms.ActiveCfg = Release|Any CPU
		{56DE652E-67E3-4E5D-9020-D8CEF3C10F5B}.Release|Mixed Platforms.Build.0 = Release|Any CPU
		{56DE652E-67E3-4E5D-9020-D8CEF3C10F5B}.Release|x86.ActiveCfg = Release|Any CPU
		{571EECB2-D872-4BC8-9617-B3665BEB5AFC}.Debug|Any CPU.ActiveCfg = Debug|x86
		{571EECB2-D872-4BC8-9617-B3665BEB5AFC}.Debug|Mixed Platforms.ActiveCfg = Debug|x86
		{571EECB2-D872-4BC8-9617-B3665BEB5AFC}.Debug|Mixed Platforms.Build.0 = Debug|x86
		{571EECB2-D872-4BC8-9617-B3665BEB5AFC}.Debug|x86.ActiveCfg = Debug|x86
		{571EECB2-D872-4BC8-9617-B3665BEB5AFC}.Debug|x86.Build.0 = Debug|x86
		{571EECB2-D872-4BC8-9617-B3665BEB5AFC}.Release|Any CPU.ActiveCfg = Release|x86
		{571EECB2-D872-4BC8-9617-B3665BEB5AFC}.Release|Mixed Platforms.ActiveCfg = Release|x86
		{571EECB2-D872-4BC8-9617-B3665BEB5AFC}.Release|Mixed Platforms.Build.0 = Release|x86
		{571EECB2-D872-4BC8-9617-B3665BEB5AFC}.Release|x86.ActiveCfg = Release|x86
		{571EECB2-D872-4BC8-9617-B3665BEB5AFC}.Release|x86.Build.0 = Release|x86
	EndGlobalSection
	GlobalSection(SolutionProperties) = preSolution
		HideSolutionNode = FALSE
	EndGlobalSection
	GlobalSection(ExtensibilityGlobals) = postSolution
		VisualSVNWorkingCopyRoot = .
	EndGlobalSection
EndGlobal
